# This file is automatically @generated by Cargo.
# It is not intended for manual editing.
version = 3

[[package]]
name = "advent-of-code"
version = "0.1.0"

[[package]]
name = "day-1"
version = "0.1.0"

[[package]]
name = "day-2"
version = "0.1.0"

[[package]]
name = "day-3"
version = "0.1.0"

[[package]]
name = "day-4"
version = "0.1.0"

[[package]]
name = "day-5"
version = "0.1.0"

[[package]]
name = "day-6"
version = "0.1.0"

[[package]]
name = "day-7"
version = "0.1.0"

[[package]]
name = "day-8"
version = "0.1.0"

[[package]]
name = "helper"
version = "0.1.0"
